hash: 78db975de177f1e1413f91b4fc0972ca84e2f06b8a0d4c0cdee969df276d72b0
updated: 2018-03-31T23:32:01.036642-07:00
imports:
- name: github.com/gin-gonic/gin
  version: d459835d2b077e44f7c9b453505ee29881d5d12d
- name: github.com/spf13/viper
  version: b5e8006cbee93ec955a89ab31e0e3ce3204f3736
testImports: []
